
Microsoft Visual Studio Solution File, Format Version 12.00
# Visual Studio Version 17
VisualStudioVersion = 17.7.34221.43
MinimumVisualStudioVersion = 10.0.40219.1
Project("{FAE04EC0-301F-11D3-BF4B-00C04F79EFBC}") = "Tli-Utils", "Tli-Utils\Tli-Utils.csproj", "{37B151DF-3FA7-48C8-8EA5-262EB1EBEACE}"
EndProject
Project("{54435603-DBB4-11D2-8724-00A0C9A8B90C}") = "Tli Utils Installer", "Tli Utils Installer\Tli Utils Installer.vdproj", "{98E01446-7B8D-4342-94C8-001C9EBFA0C8}"
EndProject
Global
	GlobalSection(SolutionConfigurationPlatforms) = preSolution
		Debug|Any CPU = Debug|Any CPU
		Debug|x64 = Debug|x64
		Debug|x86 = Debug|x86
		Release|Any CPU = Release|Any CPU
		Release|x64 = Release|x64
		Release|x86 = Release|x86
	EndGlobalSection
	GlobalSection(ProjectConfigurationPlatforms) = postSolution
		{37B151DF-3FA7-48C8-8EA5-262EB1EBEACE}.Debug|Any CPU.ActiveCfg = Debug|Any CPU
		{37B151DF-3FA7-48C8-8EA5-262EB1EBEACE}.Debug|Any CPU.Build.0 = Debug|Any CPU
		{37B151DF-3FA7-48C8-8EA5-262EB1EBEACE}.Debug|x64.ActiveCfg = Debug|x64
		{37B151DF-3FA7-48C8-8EA5-262EB1EBEACE}.Debug|x64.Build.0 = Debug|x64
		{37B151DF-3FA7-48C8-8EA5-262EB1EBEACE}.Debug|x86.ActiveCfg = Debug|x86
		{37B151DF-3FA7-48C8-8EA5-262EB1EBEACE}.Debug|x86.Build.0 = Debug|x86
		{37B151DF-3FA7-48C8-8EA5-262EB1EBEACE}.Release|Any CPU.ActiveCfg = Release|Any CPU
		{37B151DF-3FA7-48C8-8EA5-262EB1EBEACE}.Release|Any CPU.Build.0 = Release|Any CPU
		{37B151DF-3FA7-48C8-8EA5-262EB1EBEACE}.Release|x64.ActiveCfg = Release|x64
		{37B151DF-3FA7-48C8-8EA5-262EB1EBEACE}.Release|x64.Build.0 = Release|x64
		{37B151DF-3FA7-48C8-8EA5-262EB1EBEACE}.Release|x86.ActiveCfg = Release|x86
		{37B151DF-3FA7-48C8-8EA5-262EB1EBEACE}.Release|x86.Build.0 = Release|x86
		{98E01446-7B8D-4342-94C8-001C9EBFA0C8}.Debug|Any CPU.ActiveCfg = Debug
		{98E01446-7B8D-4342-94C8-001C9EBFA0C8}.Debug|x64.ActiveCfg = Debug
		{98E01446-7B8D-4342-94C8-001C9EBFA0C8}.Debug|x86.ActiveCfg = Debug
		{98E01446-7B8D-4342-94C8-001C9EBFA0C8}.Release|Any CPU.ActiveCfg = Release
		{98E01446-7B8D-4342-94C8-001C9EBFA0C8}.Release|x64.ActiveCfg = Release
		{98E01446-7B8D-4342-94C8-001C9EBFA0C8}.Release|x86.ActiveCfg = Release
	EndGlobalSection
	GlobalSection(SolutionProperties) = preSolution
		HideSolutionNode = FALSE
	EndGlobalSection
	GlobalSection(ExtensibilityGlobals) = postSolution
		SolutionGuid = {6CBA4EE3-6970-40D0-8307-4C1B0C31B67C}
	EndGlobalSection
EndGlobal
